{
  "name": "odin-adminDashboard",
  "lockfileVersion": 3,
  "requires": true,
  "packages": {
    "": {
      "dependencies": {
        "@fontsource/roboto": "^5.2.10",
        "material-symbols": "^0.42.3",
        "modern-normalize": "^3.0.1"
      }
    },
    "node_modules/@fontsource/roboto": {
      "version": "5.2.10",
      "resolved": "https://registry.npmjs.org/@fontsource/roboto/-/roboto-5.2.10.tgz",
      "integrity": "sha512-8HlA5FtSfz//oFSr2eL7GFXAiE7eIkcGOtx7tjsLKq+as702x9+GU7K95iDeWFapHC4M2hv9RrpXKRTGGBI8Zg==",
      "license": "OFL-1.1",
      "funding": {
        "url": "https://github.com/sponsors/ayuhito"
      }
    },
    "node_modules/material-symbols": {
      "version": "0.42.3",
      "resolved": "https://registry.npmjs.org/material-symbols/-/material-symbols-0.42.3.tgz",
      "integrity": "sha512-SUI+JHDmUchm3hhyISRiB2aoXdR1z/lMZ2r1O3gf5vlDk1HQey8QcyDEQFDQUyNOkz2Sedu6D67ojEOFDoo6Wg==",
      "license": "Apache-2.0"
    },
    "node_modules/modern-normalize": {
      "version": "3.0.1",
      "resolved": "https://registry.npmjs.org/modern-normalize/-/modern-normalize-3.0.1.tgz",
      "integrity": "sha512-VqlMdYi59Uch6fnUPxnpijWUQe+TW6zeWCvyr6Mb7JibheHzSuAAoJi2c71ZwIaWKpECpGpYHoaaBp6rBRr+/g==",
      "license": "MIT",
      "engines": {
        "node": ">=6"
      },
      "funding": {
        "url": "https://github.com/sponsors/sindresorhus"
      }
    }
  }
}
